version = 1
revision = 3
requires-python = "==3.10.*"

[[package]]
name = "cffi"
version = "2.1.0"
source = { registry = "https://pypi.org/simple" }
dependencies = [
    { name = "pycparser", marker = "implementation_name != 'PyPy'" },
]
sdist = { url = "https://files.pythonhosted.org/packages/57/5f/ff100cae70ebe9d8df1c01a00e510e45d9adb5c1fdda84791b199141de97/cffi-2.1.0.tar.gz", hash = "sha256:efc1cdd798b1aaf39b4610bba7aad28c9bea9b910f25c784ccf9ec1fa719d1f9", size = 531036, upload-time = "2026-07-06T21:34:30.382Z" }
wheels = [
    { url = "https://files.pythonhosted.org/packages/c0/e9/6d7724983b3d5a0908dbf74f64038ade77c18646ff6636ec7894fd392ce1/cffi-2.1.0-cp310-cp310-macosx_10_15_x86_64.whl", hash = "sha256:b65f590ef2a44640f9a05dbb548a429b4ade77913ce683ac8b1480777658a6c0", size = 183837, upload-time = "2026-07-06T21:32:09.655Z" },
    { url = "https://files.pythonhosted.org/packages/69/aa/24580a278de21fd7322635556334d9b535f1cbc00b0a3919447cdf464c65/cffi-2.1.0-cp310-cp310-macosx_11_0_arm64.whl", hash = "sha256:164bff1657b2a74f0b6d54e11c9b375bc97b931f2ca9c43fcf875838da1570dd", size = 184226, upload-time = "2026-07-06T21:32:11.196Z" },
    { url = "https://files.pythonhosted.org/packages/88/a9/02cae418ec4beb282ace11958d9d4737793439d561fadc7e6d56f2e2b354/cffi-2.1.0-cp310-cp310-manylinux1_i686.manylinux2014_i686.manylinux_2_17_i686.manylinux_2_5_i686.whl", hash = "sha256:c941bb58d5a6e1c3892d86e42927ed6c180302f07e6d395d08c416e594b98b46", size = 211107, upload-time = "2026-07-06T21:32:12.328Z" },
    { url = "https://files.pythonhosted.org/packages/3b/30/c806937ed5e4c2c7ac30d9d6b76b5dc57ff8b75d83800d9bb11a8253cf2a/cffi-2.1.0-cp310-cp310-manylinux2014_aarch64.manylinux_2_17_aarch64.whl", hash = "sha256:a016194dbe13d14ee9556e734b772d8d67b947092b268d757fd4290e3ba2dfc2", size = 218733, upload-time = "2026-07-06T21:32:13.67Z" },
    { url = "https://files.pythonhosted.org/packages/f9/cf/398272b8bbfd58aa314fda5a7f1cdbb26d1d78ae324a11211521315dd1f0/cffi-2.1.0-cp310-cp310-manylinux2014_ppc64le.manylinux_2_17_ppc64le.whl", hash = "sha256:03e9810d18c646077e501f661b682fbf5dee4676048527ca3cffe66faa9960dd", size = 205543, upload-time = "2026-07-06T21:32:15.148Z" },
    { url = "https://files.pythonhosted.org/packages/45/ca/f91641185cdd90c36d317a9dc7f85e88ef8682d8b300977baff5e23c35d8/cffi-2.1.0-cp310-cp310-manylinux2014_s390x.manylinux_2_17_s390x.whl", hash = "sha256:19c54ac121cad98450b4896fa9a43ee0180d57bc4bc911a33db6cab1efab6cd3", size = 205460, upload-time = "2026-07-06T21:32:16.479Z" },
    { url = "https://files.pythonhosted.org/packages/38/66/04781a77b411f0bb5b234d62c1814754ab75ebe455ccff1b08e8d7aae98f/cffi-2.1.0-cp310-cp310-manylinux2014_x86_64.manylinux_2_17_x86_64.whl", hash = "sha256:4d433a51f1870e43a13b6732f92aaf540ff77c2015097c78556f75a2d6c030e0", size = 218760, upload-time = "2026-07-06T21:32:17.98Z" },
    { url = "https://files.pythonhosted.org/packages/d0/9a/bb1d5ed9c3fcae158e9f6391bf309c95d98c2ac37ed56573228471d0af5e/cffi-2.1.0-cp310-cp310-musllinux_1_2_aarch64.whl", hash = "sha256:3d7f118b5adbfdfead90c25822690b02bc8074fba949bb7858bec4ebd55adb43", size = 221230, upload-time = "2026-07-06T21:32:19.407Z" },
    { url = "https://files.pythonhosted.org/packages/41/aa/3c1409cdd26094efacd1c36c66e0a6eb9d4296e4fd4f9901b8b2042f4323/cffi-2.1.0-cp310-cp310-musllinux_1_2_i686.whl", hash = "sha256:c5f5df567f6eb216de69be06ce55c8b714090fae02b18a3b40da8163b8c5fa9c", size = 213524, upload-time = "2026-07-06T21:32:20.828Z" },
    { url = "https://files.pythonhosted.org/packages/fa/75/74dfb7c3fc6ebbd408038476bd4c1d7e925c62614e7b9c534ecc34218288/cffi-2.1.0-cp310-cp310-musllinux_1_2_x86_64.whl", hash = "sha256:11b3fb55f4f8ad92274ed26705f65d8f91457de71f5380061eb6d125a768fecd", size = 220341, upload-time = "2026-07-06T21:32:21.9Z" },
    { url = "https://files.pythonhosted.org/packages/70/b6/9003c33a3e7d2c1306f5962e646457dcfe5a8cd8fce6bbe02d7af25db783/cffi-2.1.0-cp310-cp310-win32.whl", hash = "sha256:9d72af0cf10a76a600a9690078fe31c63b9588c8e86bf9fd353f713c84b5db0f", size = 174578, upload-time = "2026-07-06T21:32:23.073Z" },
    { url = "https://files.pythonhosted.org/packages/8a/26/710688310447531c7a22f857c7f79d9855ec18b03e04494ced723fb37e2f/cffi-2.1.0-cp310-cp310-win_amd64.whl", hash = "sha256:fb62edb5bb52cca65fab91a63afa7561607120d26090a7e8fda6fb9f064726da", size = 185071, upload-time = "2026-07-06T21:32:24.671Z" },
]

[[package]]
name = "colorama"
version = "0.4.6"
source = { registry = "https://pypi.org/simple" }
sdist = { url = "https://files.pythonhosted.org/packages/d8/53/6f443c9a4a8358a93a6792e2acffb9d9d5cb0a5cfd8802644b7b1c9a02e4/colorama-0.4.6.tar.gz", hash = "sha256:08695f5cb7ed6e0531a20572697297273c47b8cae5a63ffc6d6ed5c201be6e44", size = 27697, upload-time = "2022-10-25T02:36:22.414Z" }
wheels = [
    { url = "https://files.pythonhosted.org/packages/d1/d6/3965ed04c63042e047cb6a3e6ed1a63a35087b6a609aa3a15ed8ac56c221/colorama-0.4.6-py2.py3-none-any.whl", hash = "sha256:4f1d9991f5acc0ca119f9d443620b77f9d6b33703e51011c16baf57afb285fc6", size = 25335, upload-time = "2022-10-25T02:36:20.889Z" },
]

[[package]]
name = "exceptiongroup"
version = "1.3.1"
source = { registry = "https://pypi.org/simple" }
dependencies = [
    { name = "typing-extensions" },
]
sdist = { url = "https://files.pythonhosted.org/packages/50/79/66800aadf48771f6b62f7eb014e352e5d06856655206165d775e675a02c9/exceptiongroup-1.3.1.tar.gz", hash = "sha256:8b412432c6055b0b7d14c310000ae93352ed6754f70fa8f7c34141f91c4e3219", size = 30371, upload-time = "2025-11-21T23:01:54.787Z" }
wheels = [
    { url = "https://files.pythonhosted.org/packages/8a/0e/97c33bf5009bdbac74fd2beace167cab3f978feb69cc36f1ef79360d6c4e/exceptiongroup-1.3.1-py3-none-any.whl", hash = "sha256:a7a39a3bd276781e98394987d3a5701d0c4edffb633bb7a5144577f82c773598", size = 16740, upload-time = "2025-11-21T23:01:53.443Z" },
]

[[package]]
name = "iniconfig"
version = "2.3.0"
source = { registry = "https://pypi.org/simple" }
sdist = { url = "https://files.pythonhosted.org/packages/72/34/14ca021ce8e5dfedc35312d08ba8bf51fdd999c576889fc2c24cb97f4f10/iniconfig-2.3.0.tar.gz", hash = "sha256:c76315c77db068650d49c5b56314774a7804df16fee4402c1f19d6d15d8c4730", size = 20503, upload-time = "2025-10-18T21:55:43.219Z" }
wheels = [
    { url = "https://files.pythonhosted.org/packages/cb/b1/3846dd7f199d53cb17f49cba7e651e9ce294d8497c8c150530ed11865bb8/iniconfig-2.3.0-py3-none-any.whl", hash = "sha256:f631c04d2c48c52b84d0d0549c99ff3859c98df65b3101406327ecc7d53fbf12", size = 7484, upload-time = "2025-10-18T21:55:41.639Z" },
]

[[package]]
name = "marsdog-voice-interaction"
version = "0.1.0"
source = { editable = "." }
dependencies = [
    { name = "numpy" },
    { name = "pyserial" },
    { name = "pyyaml" },
    { name = "scipy" },
    { name = "setuptools" },
    { name = "sherpa-onnx" },
    { name = "sherpa-onnx-core" },
    { name = "sounddevice" },
]

[package.optional-dependencies]
dev = [
    { name = "pytest" },
]

[package.metadata]
requires-dist = [
    { name = "numpy", specifier = ">=1.26,<2" },
    { name = "pyserial", specifier = ">=3.5,<4" },
    { name = "pytest", marker = "extra == 'dev'", specifier = ">=8,<9" },
    { name = "pyyaml", specifier = ">=6,<7" },
    { name = "scipy", specifier = ">=1.11,<2" },
    { name = "setuptools", specifier = "==81.0.0" },
    { name = "sherpa-onnx", specifier = "==1.13.3" },
    { name = "sherpa-onnx-core", specifier = "==1.13.3" },
    { name = "sounddevice", specifier = ">=0.5,<0.6" },
]
provides-extras = ["dev"]

[[package]]
name = "numpy"
version = "1.26.4"
source = { registry = "https://pypi.org/simple" }
sdist = { url = "https://files.pythonhosted.org/packages/65/6e/09db70a523a96d25e115e71cc56a6f9031e7b8cd166c1ac8438307c14058/numpy-1.26.4.tar.gz", hash = "sha256:2a02aba9ed12e4ac4eb3ea9421c420301a0c6460d9830d74a9df87efa4912010", size = 15786129, upload-time = "2024-02-06T00:26:44.495Z" }
wheels = [
    { url = "https://files.pythonhosted.org/packages/a7/94/ace0fdea5241a27d13543ee117cbc65868e82213fb31a8eb7fe9ff23f313/numpy-1.26.4-cp310-cp310-macosx_10_9_x86_64.whl", hash = "sha256:9ff0f4f29c51e2803569d7a51c2304de5554655a60c5d776e35b4a41413830d0", size = 20631468, upload-time = "2024-02-05T23:48:01.194Z" },
    { url = "https://files.pythonhosted.org/packages/20/f7/b24208eba89f9d1b58c1668bc6c8c4fd472b20c45573cb767f59d49fb0f6/numpy-1.26.4-cp310-cp310-macosx_11_0_arm64.whl", hash = "sha256:2e4ee3380d6de9c9ec04745830fd9e2eccb3e6cf790d39d7b98ffd19b0dd754a", size = 13966411, upload-time = "2024-02-05T23:48:29.038Z" },
    { url = "https://files.pythonhosted.org/packages/fc/a5/4beee6488160798683eed5bdb7eead455892c3b4e1f78d79d8d3f3b084ac/numpy-1.26.4-cp310-cp310-manylinux_2_17_aarch64.manylinux2014_aarch64.whl", hash = "sha256:d209d8969599b27ad20994c8e41936ee0964e6da07478d6c35016bc386b66ad4", size = 14219016, upload-time = "2024-02-05T23:48:54.098Z" },
    { url = "https://files.pythonhosted.org/packages/4b/d7/ecf66c1cd12dc28b4040b15ab4d17b773b87fa9d29ca16125de01adb36cd/numpy-1.26.4-cp310-cp310-manylinux_2_17_x86_64.manylinux2014_x86_64.whl", hash = "sha256:ffa75af20b44f8dba823498024771d5ac50620e6915abac414251bd971b4529f", size = 18240889, upload-time = "2024-02-05T23:49:25.361Z" },
    { url = "https://files.pythonhosted.org/packages/24/03/6f229fe3187546435c4f6f89f6d26c129d4f5bed40552899fcf1f0bf9e50/numpy-1.26.4-cp310-cp310-musllinux_1_1_aarch64.whl", hash = "sha256:62b8e4b1e28009ef2846b4c7852046736bab361f7aeadeb6a5b89ebec3c7055a", size = 13876746, upload-time = "2024-02-05T23:49:51.983Z" },
    { url = "https://files.pythonhosted.org/packages/39/fe/39ada9b094f01f5a35486577c848fe274e374bbf8d8f472e1423a0bbd26d/numpy-1.26.4-cp310-cp310-musllinux_1_1_x86_64.whl", hash = "sha256:a4abb4f9001ad2858e7ac189089c42178fcce737e4169dc61321660f1a96c7d2", size = 18078620, upload-time = "2024-02-05T23:50:22.515Z" },
    { url = "https://files.pythonhosted.org/packages/d5/ef/6ad11d51197aad206a9ad2286dc1aac6a378059e06e8cf22cd08ed4f20dc/numpy-1.26.4-cp310-cp310-win32.whl", hash = "sha256:bfe25acf8b437eb2a8b2d49d443800a5f18508cd811fea3181723922a8a82b07", size = 5972659, upload-time = "2024-02-05T23:50:35.834Z" },
    { url = "https://files.pythonhosted.org/packages/19/77/538f202862b9183f54108557bfda67e17603fc560c384559e769321c9d92/numpy-1.26.4-cp310-cp310-win_amd64.whl", hash = "sha256:b97fe8060236edf3662adfc2c633f56a08ae30560c56310562cb4f95500022d5", size = 15808905, upload-time = "2024-02-05T23:51:03.701Z" },
]

[[package]]
name = "packaging"
version = "26.2"
source = { registry = "https://pypi.org/simple" }
sdist = { url = "https://files.pythonhosted.org/packages/d7/f1/e7a6dd94a8d4a5626c03e4e99c87f241ba9e350cd9e6d75123f992427270/packaging-26.2.tar.gz", hash = "sha256:ff452ff5a3e828ce110190feff1178bb1f2ea2281fa2075aadb987c2fb221661", size = 228134, upload-time = "2026-04-24T20:15:23.917Z" }
wheels = [
    { url = "https://files.pythonhosted.org/packages/df/b2/87e62e8c3e2f4b32e5fe99e0b86d576da1312593b39f47d8ceef365e95ed/packaging-26.2-py3-none-any.whl", hash = "sha256:5fc45236b9446107ff2415ce77c807cee2862cb6fac22b8a73826d0693b0980e", size = 100195, upload-time = "2026-04-24T20:15:22.081Z" },
]

[[package]]
name = "pluggy"
version = "1.6.0"
source = { registry = "https://pypi.org/simple" }
sdist = { url = "https://files.pythonhosted.org/packages/f9/e2/3e91f31a7d2b083fe6ef3fa267035b518369d9511ffab804f839851d2779/pluggy-1.6.0.tar.gz", hash = "sha256:7dcc130b76258d33b90f61b658791dede3486c3e6bfb003ee5c9bfb396dd22f3", size = 69412, upload-time = "2025-05-15T12:30:07.975Z" }
wheels = [
    { url = "https://files.pythonhosted.org/packages/54/20/4d324d65cc6d9205fabedc306948156824eb9f0ee1633355a8f7ec5c66bf/pluggy-1.6.0-py3-none-any.whl", hash = "sha256:e920276dd6813095e9377c0bc5566d94c932c33b27a3e3945d8389c374dd4746", size = 20538, upload-time = "2025-05-15T12:30:06.134Z" },
]

[[package]]
name = "pycparser"
version = "3.0"
source = { registry = "https://pypi.org/simple" }
sdist = { url = "https://files.pythonhosted.org/packages/1b/7d/92392ff7815c21062bea51aa7b87d45576f649f16458d78b7cf94b9ab2e6/pycparser-3.0.tar.gz", hash = "sha256:600f49d217304a5902ac3c37e1281c9fe94e4d0489de643a9504c5cdfdfc6b29", size = 103492, upload-time = "2026-01-21T14:26:51.89Z" }
wheels = [
    { url = "https://files.pythonhosted.org/packages/0c/c3/44f3fbbfa403ea2a7c779186dc20772604442dde72947e7d01069cbe98e3/pycparser-3.0-py3-none-any.whl", hash = "sha256:b727414169a36b7d524c1c3e31839a521725078d7b2ff038656844266160a992", size = 48172, upload-time = "2026-01-21T14:26:50.693Z" },
]

[[package]]
name = "pygments"
version = "2.20.0"
source = { registry = "https://pypi.org/simple" }
sdist = { url = "https://files.pythonhosted.org/packages/c3/b2/bc9c9196916376152d655522fdcebac55e66de6603a76a02bca1b6414f6c/pygments-2.20.0.tar.gz", hash = "sha256:6757cd03768053ff99f3039c1a36d6c0aa0b263438fcab17520b30a303a82b5f", size = 4955991, upload-time = "2026-03-29T13:29:33.898Z" }
wheels = [
    { url = "https://files.pythonhosted.org/packages/f4/7e/a72dd26f3b0f4f2bf1dd8923c85f7ceb43172af56d63c7383eb62b332364/pygments-2.20.0-py3-none-any.whl", hash = "sha256:81a9e26dd42fd28a23a2d169d86d7ac03b46e2f8b59ed4698fb4785f946d0176", size = 1231151, upload-time = "2026-03-29T13:29:30.038Z" },
]

[[package]]
name = "pyserial"
version = "3.5"
source = { registry = "https://pypi.org/simple" }
sdist = { url = "https://files.pythonhosted.org/packages/1e/7d/ae3f0a63f41e4d2f6cb66a5b57197850f919f59e558159a4dd3a818f5082/pyserial-3.5.tar.gz", hash = "sha256:3c77e014170dfffbd816e6ffc205e9842efb10be9f58ec16d3e8675b4925cddb", size = 159125, upload-time = "2020-11-23T03:59:15.045Z" }
wheels = [
    { url = "https://files.pythonhosted.org/packages/07/bc/587a445451b253b285629263eb51c2d8e9bcea4fc97826266d186f96f558/pyserial-3.5-py2.py3-none-any.whl", hash = "sha256:c4451db6ba391ca6ca299fb3ec7bae67a5c55dde170964c7a14ceefec02f2cf0", size = 90585, upload-time = "2020-11-23T03:59:13.41Z" },
]

[[package]]
name = "pytest"
version = "8.4.2"
source = { registry = "https://pypi.org/simple" }
dependencies = [
    { name = "colorama", marker = "sys_platform == 'win32'" },
    { name = "exceptiongroup" },
    { name = "iniconfig" },
    { name = "packaging" },
    { name = "pluggy" },
    { name = "pygments" },
    { name = "tomli" },
]
sdist = { url = "https://files.pythonhosted.org/packages/a3/5c/00a0e072241553e1a7496d638deababa67c5058571567b92a7eaa258397c/pytest-8.4.2.tar.gz", hash = "sha256:86c0d0b93306b961d58d62a4db4879f27fe25513d4b969df351abdddb3c30e01", size = 1519618, upload-time = "2025-09-04T14:34:22.711Z" }
wheels = [
    { url = "https://files.pythonhosted.org/packages/a8/a4/20da314d277121d6534b3a980b29035dcd51e6744bd79075a6ce8fa4eb8d/pytest-8.4.2-py3-none-any.whl", hash = "sha256:872f880de3fc3a5bdc88a11b39c9710c3497a547cfa9320bc3c5e62fbf272e79", size = 365750, upload-time = "2025-09-04T14:34:20.226Z" },
]

[[package]]
name = "pyyaml"
version = "6.0.3"
source = { registry = "https://pypi.org/simple" }
sdist = { url = "https://files.pythonhosted.org/packages/05/8e/961c0007c59b8dd7729d542c61a4d537767a59645b82a0b521206e1e25c2/pyyaml-6.0.3.tar.gz", hash = "sha256:d76623373421df22fb4cf8817020cbb7ef15c725b9d5e45f17e189bfc384190f", size = 130960, upload-time = "2025-09-25T21:33:16.546Z" }
wheels = [
    { url = "https://files.pythonhosted.org/packages/f4/a0/39350dd17dd6d6c6507025c0e53aef67a9293a6d37d3511f23ea510d5800/pyyaml-6.0.3-cp310-cp310-macosx_10_13_x86_64.whl", hash = "sha256:214ed4befebe12df36bcc8bc2b64b396ca31be9304b8f59e25c11cf94a4c033b", size = 184227, upload-time = "2025-09-25T21:31:46.04Z" },
    { url = "https://files.pythonhosted.org/packages/05/14/52d505b5c59ce73244f59c7a50ecf47093ce4765f116cdb98286a71eeca2/pyyaml-6.0.3-cp310-cp310-macosx_11_0_arm64.whl", hash = "sha256:02ea2dfa234451bbb8772601d7b8e426c2bfa197136796224e50e35a78777956", size = 174019, upload-time = "2025-09-25T21:31:47.706Z" },
    { url = "https://files.pythonhosted.org/packages/43/f7/0e6a5ae5599c838c696adb4e6330a59f463265bfa1e116cfd1fbb0abaaae/pyyaml-6.0.3-cp310-cp310-manylinux2014_aarch64.manylinux_2_17_aarch64.manylinux_2_28_aarch64.whl", hash = "sha256:b30236e45cf30d2b8e7b3e85881719e98507abed1011bf463a8fa23e9c3e98a8", size = 740646, upload-time = "2025-09-25T21:31:49.21Z" },
    { url = "https://files.pythonhosted.org/packages/2f/3a/61b9db1d28f00f8fd0ae760459a5c4bf1b941baf714e207b6eb0657d2578/pyyaml-6.0.3-cp310-cp310-manylinux2014_s390x.manylinux_2_17_s390x.manylinux_2_28_s390x.whl", hash = "sha256:66291b10affd76d76f54fad28e22e51719ef9ba22b29e1d7d03d6777a9174198", size = 840793, upload-time = "2025-09-25T21:31:50.735Z" },
    { url = "https://files.pythonhosted.org/packages/7a/1e/7acc4f0e74c4b3d9531e24739e0ab832a5edf40e64fbae1a9c01941cabd7/pyyaml-6.0.3-cp310-cp310-manylinux2014_x86_64.manylinux_2_17_x86_64.manylinux_2_28_x86_64.whl", hash = "sha256:9c7708761fccb9397fe64bbc0395abcae8c4bf7b0eac081e12b809bf47700d0b", size = 770293, upload-time = "2025-09-25T21:31:51.828Z" },
    { url = "https://files.pythonhosted.org/packages/8b/ef/abd085f06853af0cd59fa5f913d61a8eab65d7639ff2a658d18a25d6a89d/pyyaml-6.0.3-cp310-cp310-musllinux_1_2_aarch64.whl", hash = "sha256:418cf3f2111bc80e0933b2cd8cd04f286338bb88bdc7bc8e6dd775ebde60b5e0", size = 732872, upload-time = "2025-09-25T21:31:53.282Z" },
    { url = "https://files.pythonhosted.org/packages/1f/15/2bc9c8faf6450a8b3c9fc5448ed869c599c0a74ba2669772b1f3a0040180/pyyaml-6.0.3-cp310-cp310-musllinux_1_2_x86_64.whl", hash = "sha256:5e0b74767e5f8c593e8c9b5912019159ed0533c70051e9cce3e8b6aa699fcd69", size = 758828, upload-time = "2025-09-25T21:31:54.807Z" },
    { url = "https://files.pythonhosted.org/packages/a3/00/531e92e88c00f4333ce359e50c19b8d1de9fe8d581b1534e35ccfbc5f393/pyyaml-6.0.3-cp310-cp310-win32.whl", hash = "sha256:28c8d926f98f432f88adc23edf2e6d4921ac26fb084b028c733d01868d19007e", size = 142415, upload-time = "2025-09-25T21:31:55.885Z" },
    { url = "https://files.pythonhosted.org/packages/2a/fa/926c003379b19fca39dd4634818b00dec6c62d87faf628d1394e137354d4/pyyaml-6.0.3-cp310-cp310-win_amd64.whl", hash = "sha256:bdb2c67c6c1390b63c6ff89f210c8fd09d9a1217a465701eac7316313c915e4c", size = 158561, upload-time = "2025-09-25T21:31:57.406Z" },
]

[[package]]
name = "scipy"
version = "1.15.3"
source = { registry = "https://pypi.org/simple" }
dependencies = [
    { name = "numpy" },
]
sdist = { url = "https://files.pythonhosted.org/packages/0f/37/6964b830433e654ec7485e45a00fc9a27cf868d622838f6b6d9c5ec0d532/scipy-1.15.3.tar.gz", hash = "sha256:eae3cf522bc7df64b42cad3925c876e1b0b6c35c1337c93e12c0f366f55b0eaf", size = 59419214, upload-time = "2025-05-08T16:13:05.955Z" }
wheels = [
    { url = "https://files.pythonhosted.org/packages/78/2f/4966032c5f8cc7e6a60f1b2e0ad686293b9474b65246b0c642e3ef3badd0/scipy-1.15.3-cp310-cp310-macosx_10_13_x86_64.whl", hash = "sha256:a345928c86d535060c9c2b25e71e87c39ab2f22fc96e9636bd74d1dbf9de448c", size = 38702770, upload-time = "2025-05-08T16:04:20.849Z" },
    { url = "https://files.pythonhosted.org/packages/a0/6e/0c3bf90fae0e910c274db43304ebe25a6b391327f3f10b5dcc638c090795/scipy-1.15.3-cp310-cp310-macosx_12_0_arm64.whl", hash = "sha256:ad3432cb0f9ed87477a8d97f03b763fd1d57709f1bbde3c9369b1dff5503b253", size = 30094511, upload-time = "2025-05-08T16:04:27.103Z" },
    { url = "https://files.pythonhosted.org/packages/ea/b1/4deb37252311c1acff7f101f6453f0440794f51b6eacb1aad4459a134081/scipy-1.15.3-cp310-cp310-macosx_14_0_arm64.whl", hash = "sha256:aef683a9ae6eb00728a542b796f52a5477b78252edede72b8327a886ab63293f", size = 22368151, upload-time = "2025-05-08T16:04:31.731Z" },
    { url = "https://files.pythonhosted.org/packages/38/7d/f457626e3cd3c29b3a49ca115a304cebb8cc6f31b04678f03b216899d3c6/scipy-1.15.3-cp310-cp310-macosx_14_0_x86_64.whl", hash = "sha256:1c832e1bd78dea67d5c16f786681b28dd695a8cb1fb90af2e27580d3d0967e92", size = 25121732, upload-time = "2025-05-08T16:04:36.596Z" },
    { url = "https://files.pythonhosted.org/packages/db/0a/92b1de4a7adc7a15dcf5bddc6e191f6f29ee663b30511ce20467ef9b82e4/scipy-1.15.3-cp310-cp310-manylinux_2_17_aarch64.manylinux2014_aarch64.whl", hash = "sha256:263961f658ce2165bbd7b99fa5135195c3a12d9bef045345016b8b50c315cb82", size = 35547617, upload-time = "2025-05-08T16:04:43.546Z" },
    { url = "https://files.pythonhosted.org/packages/8e/6d/41991e503e51fc1134502694c5fa7a1671501a17ffa12716a4a9151af3df/scipy-1.15.3-cp310-cp310-manylinux_2_17_x86_64.manylinux2014_x86_64.whl", hash = "sha256:9e2abc762b0811e09a0d3258abee2d98e0c703eee49464ce0069590846f31d40", size = 37662964, upload-time = "2025-05-08T16:04:49.431Z" },
    { url = "https://files.pythonhosted.org/packages/25/e1/3df8f83cb15f3500478c889be8fb18700813b95e9e087328230b98d547ff/scipy-1.15.3-cp310-cp310-musllinux_1_2_aarch64.whl", hash = "sha256:ed7284b21a7a0c8f1b6e5977ac05396c0d008b89e05498c8b7e8f4a1423bba0e", size = 37238749, upload-time = "2025-05-08T16:04:55.215Z" },
    { url = "https://files.pythonhosted.org/packages/93/3e/b3257cf446f2a3533ed7809757039016b74cd6f38271de91682aa844cfc5/scipy-1.15.3-cp310-cp310-musllinux_1_2_x86_64.whl", hash = "sha256:5380741e53df2c566f4d234b100a484b420af85deb39ea35a1cc1be84ff53a5c", size = 40022383, upload-time = "2025-05-08T16:05:01.914Z" },
    { url = "https://files.pythonhosted.org/packages/d1/84/55bc4881973d3f79b479a5a2e2df61c8c9a04fcb986a213ac9c02cfb659b/scipy-1.15.3-cp310-cp310-win_amd64.whl", hash = "sha256:9d61e97b186a57350f6d6fd72640f9e99d5a4a2b8fbf4b9ee9a841eab327dc13", size = 41259201, upload-time = "2025-05-08T16:05:08.166Z" },
]

[[package]]
name = "setuptools"
version = "81.0.0"
source = { registry = "https://pypi.org/simple" }
sdist = { url = "https://files.pythonhosted.org/packages/0d/1c/73e719955c59b8e424d015ab450f51c0af856ae46ea2da83eba51cc88de1/setuptools-81.0.0.tar.gz", hash = "sha256:487b53915f52501f0a79ccfd0c02c165ffe06631443a886740b91af4b7a5845a", size = 1198299, upload-time = "2026-02-06T21:10:39.601Z" }
wheels = [
    { url = "https://files.pythonhosted.org/packages/e1/e3/c164c88b2e5ce7b24d667b9bd83589cf4f3520d97cad01534cd3c4f55fdb/setuptools-81.0.0-py3-none-any.whl", hash = "sha256:fdd925d5c5d9f62e4b74b30d6dd7828ce236fd6ed998a08d81de62ce5a6310d6", size = 1062021, upload-time = "2026-02-06T21:10:37.175Z" },
]

[[package]]
name = "sherpa-onnx"
version = "1.13.3"
source = { registry = "https://pypi.org/simple" }
sdist = { url = "https://files.pythonhosted.org/packages/c9/ed/09eab65801ae251777674d47e31ebcfc68632c4d0ffde87aa04b2f265f88/sherpa_onnx-1.13.3.tar.gz", hash = "sha256:c69449efa1841c823098fb658cbd55f632b511d39457869e5d8447ab1e0903e0", size = 963221, upload-time = "2026-06-15T09:16:53.121Z" }
wheels = [
    { url = "https://files.pythonhosted.org/packages/26/91/65d2aa1f788adc572c80d1debd2f7edd79daa9cf7223d34f668372999ce3/sherpa_onnx-1.13.3-cp310-cp310-linux_armv7l.whl", hash = "sha256:49a38c8a12f52020bdd04f1b948175a3f4a6aa8ac6f62b24283ae46006bcd20a", size = 11550435, upload-time = "2026-06-15T10:46:15.304Z" },
    { url = "https://files.pythonhosted.org/packages/8c/d1/189f3ca3bfd33e4dbf1ebee93eac02db0a8eacdb79b0fbdffc08e062379d/sherpa_onnx-1.13.3-cp310-cp310-macosx_10_15_universal2.whl", hash = "sha256:bcbab9071af3b5df5d8bded2f41bf2dd0ef071fb309e3a1a8f9ed898c43365c6", size = 4404177, upload-time = "2026-06-15T09:03:11.903Z" },
    { url = "https://files.pythonhosted.org/packages/d5/e5/34a0c176b547a98cb11848c879d1481333313d3ca056891a6fa89c1873d7/sherpa_onnx-1.13.3-cp310-cp310-macosx_10_15_x86_64.whl", hash = "sha256:645362c924ecc2171bbac7e1fd881d564c2aa321735f046f5b0750c3cc9ccfaa", size = 2331782, upload-time = "2026-06-15T08:51:58.074Z" },
    { url = "https://files.pythonhosted.org/packages/4e/17/2eb8f82c1dada6c0c2edbc0023ae6cca7055cbb6c289c61ab125a40bbb56/sherpa_onnx-1.13.3-cp310-cp310-macosx_11_0_arm64.whl", hash = "sha256:a81a7cef39ac715412fc5a31eee6bfc5d1fafca1cf81facbf9b58388b11aac4c", size = 2110565, upload-time = "2026-06-15T09:16:00.033Z" },
    { url = "https://files.pythonhosted.org/packages/2c/99/0535ba50edffea6b007050b40748a4bfacf6a03c95f19c30cbbcafb11f22/sherpa_onnx-1.13.3-cp310-cp310-manylinux2014_aarch64.manylinux_2_17_aarch64.whl", hash = "sha256:8e23384b32309b2828a8f16736ddeed3a3ac9449621e3d5bc957a599403067f0", size = 4128214, upload-time = "2026-06-15T08:47:39.436Z" },
    { url = "https://files.pythonhosted.org/packages/94/42/ad5e46e17c9605e1c618c1b3106058944ac27211a8ea2f1bb86b86dcee12/sherpa_onnx-1.13.3-cp310-cp310-manylinux2014_x86_64.manylinux_2_17_x86_64.whl", hash = "sha256:a59f9601742b2e5d8bfd805d7cbdc8e9238190adeb389070ef0621dff44e945e", size = 4354733, upload-time = "2026-06-15T09:01:05.441Z" },
    { url = "https://files.pythonhosted.org/packages/c2/0c/27da08aae4fb3528ee6ad95f211dca8c735d3d562bfdcb4c9f10998c3c6a/sherpa_onnx-1.13.3-cp310-cp310-win32.whl", hash = "sha256:427aa13b72f1b73a96068a44e5d6949fa776eff82357c73cdf6f348c463ae0ad", size = 1924359, upload-time = "2026-06-15T08:35:22.547Z" },
    { url = "https://files.pythonhosted.org/packages/5f/9d/220f88c597200a30256d3a9a7181adc46ebbea939460aa0ecc170f8d6058/sherpa_onnx-1.13.3-cp310-cp310-win_amd64.whl", hash = "sha256:d413310bad3decdf58561df13269224716ccc74ac29634d9b5b6f1b86649f1a8", size = 2234092, upload-time = "2026-06-15T09:27:34.861Z" },
]

[[package]]
name = "sherpa-onnx-core"
version = "1.13.3"
source = { registry = "https://pypi.org/simple" }
wheels = [
    { url = "https://files.pythonhosted.org/packages/6e/a0/7738c2731d3d1c34640850c72a375311b333971d62ef6ebb3e5876dd221c/sherpa_onnx_core-1.13.3-py3-none-macosx_10_15_universal2.whl", hash = "sha256:12e6d8b865b9772421c2b5866e161626fd3e84f546f8805f39a4abf93e22cdd2", size = 34077728, upload-time = "2026-06-15T08:22:28.489Z" },
    { url = "https://files.pythonhosted.org/packages/13/35/28dec7a82884ec9da2781d894d73604fc597342a9462cbe0e942d155e03d/sherpa_onnx_core-1.13.3-py3-none-macosx_10_15_x86_64.whl", hash = "sha256:2de3c28baef9e2a386fde2e7c688caa129c73c0a4f15fb2d8442701f10b1192a", size = 18316542, upload-time = "2026-06-15T08:21:41.872Z" },
    { url = "https://files.pythonhosted.org/packages/a3/5c/9846e0be70b704fa98918bfcbca904e64ed96b8d0eca5af7d938ef0f1157/sherpa_onnx_core-1.13.3-py3-none-macosx_11_0_arm64.whl", hash = "sha256:23efbad8af51c794fbd560622bdec5ece9b459d6d20b0a72de230701f9ec1cad", size = 21206052, upload-time = "2026-06-15T08:12:38.558Z" },
    { url = "https://files.pythonhosted.org/packages/e7/35/d1aa2deb0d137bb07f401def418968eedfe5dde32f56466c1f0ee5c90b98/sherpa_onnx_core-1.13.3-py3-none-manylinux2014_aarch64.whl", hash = "sha256:4c913ef4e42d96e8081d51101d39913916e85d24c19f93e320b0723b84338a54", size = 12442037, upload-time = "2026-06-15T08:17:37.791Z" },
    { url = "https://files.pythonhosted.org/packages/bc/81/df59066fa1c4d979b6465742980038e674a44df11d03395d278d7ca5eaec/sherpa_onnx_core-1.13.3-py3-none-manylinux2014_x86_64.whl", hash = "sha256:98565b2158161da047f2a86d1ab794a8971389f2c96d77979f029478159ea93b", size = 9856010, upload-time = "2026-06-15T08:28:29.542Z" },
    { url = "https://files.pythonhosted.org/packages/61/b4/baeec0fc7ab1ef1a11ef33583f2a216d9d0b98ad1882e529c9ed718ef0ff/sherpa_onnx_core-1.13.3-py3-none-manylinux_2_35_armv7l.whl", hash = "sha256:b4c8f224630a572ffa49fb4414d57e01971393af08b3a9340636a6283d01a40a", size = 9513303, upload-time = "2026-06-15T10:07:31.11Z" },
    { url = "https://files.pythonhosted.org/packages/b0/71/0b70576a1d8279d2b3075364ad28c432e7851ea40e25803607b1415d59b7/sherpa_onnx_core-1.13.3-py3-none-win32.whl", hash = "sha256:783ef066a6a59a9509e1f93a24c3b847da37235166d19d76230131beb9895470", size = 13825606, upload-time = "2026-06-15T08:19:15.628Z" },
    { url = "https://files.pythonhosted.org/packages/0f/6e/d4c239c7e143aa18b4354490f14bd1737b61e46b04ff42d0648d2193de1c/sherpa_onnx_core-1.13.3-py3-none-win_amd64.whl", hash = "sha256:c0422955d525244599c7d1b57198ff5c9644cec021bf82f7a1067bfe44c34966", size = 15765455, upload-time = "2026-06-15T08:17:04.117Z" },
]

[[package]]
name = "sounddevice"
version = "0.5.5"
source = { registry = "https://pypi.org/simple" }
dependencies = [
    { name = "cffi" },
]
sdist = { url = "https://files.pythonhosted.org/packages/2a/f9/2592608737553638fca98e21e54bfec40bf577bb98a61b2770c912aab25e/sounddevice-0.5.5.tar.gz", hash = "sha256:22487b65198cb5bf2208755105b524f78ad173e5ab6b445bdab1c989f6698df3", size = 143191, upload-time = "2026-01-23T18:36:43.529Z" }
wheels = [
    { url = "https://files.pythonhosted.org/packages/1e/0a/478e441fd049002cf308520c0d62dd8333e7c6cc8d997f0dda07b9fbcc46/sounddevice-0.5.5-py3-none-any.whl", hash = "sha256:30ff99f6c107f49d25ad16a45cacd8d91c25a1bcdd3e81a206b921a3a6405b1f", size = 32807, upload-time = "2026-01-23T18:36:35.649Z" },
    { url = "https://files.pythonhosted.org/packages/56/f9/c037c35f6d0b6bc3bc7bfb314f1d6f1f9a341328ef47cd63fc4f850a7b27/sounddevice-0.5.5-py3-none-macosx_10_6_x86_64.macosx_10_6_universal2.whl", hash = "sha256:05eb9fd6c54c38d67741441c19164c0dae8ce80453af2d8c4ad2e7823d15b722", size = 108557, upload-time = "2026-01-23T18:36:37.41Z" },
    { url = "https://files.pythonhosted.org/packages/88/a1/d19dd9889cd4bce2e233c4fac007cd8daaf5b9fe6e6a5d432cf17be0b807/sounddevice-0.5.5-py3-none-win32.whl", hash = "sha256:1234cc9b4c9df97b6cbe748146ae0ec64dd7d6e44739e8e42eaa5b595313a103", size = 317765, upload-time = "2026-01-23T18:36:39.047Z" },
    { url = "https://files.pythonhosted.org/packages/c3/0e/002ed7c4c1c2ab69031f78989d3b789fee3a7fba9e586eb2b81688bf4961/sounddevice-0.5.5-py3-none-win_amd64.whl", hash = "sha256:cfc6b2c49fb7f555591c78cb8ecf48d6a637fd5b6e1db5fec6ed9365d64b3519", size = 365324, upload-time = "2026-01-23T18:36:40.496Z" },
    { url = "https://files.pythonhosted.org/packages/4e/39/a61d4b83a7746b70d23d9173be688c0c6bfc7173772344b7442c2c155497/sounddevice-0.5.5-py3-none-win_arm64.whl", hash = "sha256:3861901ddd8230d2e0e8ae62ac320cdd4c688d81df89da036dcb812f757bb3e6", size = 317115, upload-time = "2026-01-23T18:36:42.235Z" },
]

[[package]]
name = "tomli"
version = "2.4.1"
source = { registry = "https://pypi.org/simple" }
sdist = { url = "https://files.pythonhosted.org/packages/22/de/48c59722572767841493b26183a0d1cc411d54fd759c5607c4590b6563a6/tomli-2.4.1.tar.gz", hash = "sha256:7c7e1a961a0b2f2472c1ac5b69affa0ae1132c39adcb67aba98568702b9cc23f", size = 17543, upload-time = "2026-03-25T20:22:03.828Z" }
wheels = [
    { url = "https://files.pythonhosted.org/packages/7b/61/cceae43728b7de99d9b847560c262873a1f6c98202171fd5ed62640b494b/tomli-2.4.1-py3-none-any.whl", hash = "sha256:0d85819802132122da43cb86656f8d1f8c6587d54ae7dcaf30e90533028b49fe", size = 14583, upload-time = "2026-03-25T20:22:03.012Z" },
]

[[package]]
name = "typing-extensions"
version = "4.16.0"
source = { registry = "https://pypi.org/simple" }
sdist = { url = "https://files.pythonhosted.org/packages/f6/cc/6253133b5bb138fc3306cebfbda2c520f545d36b5be2c7255cc528bb45d6/typing_extensions-4.16.0.tar.gz", hash = "sha256:dc983d19a509c94dba722ee6abd33940f7c05a89e243c47e907eb4db6f1a43e5", size = 113555, upload-time = "2026-07-02T08:40:05.92Z" }
wheels = [
    { url = "https://files.pythonhosted.org/packages/49/d3/b8441a820a491ddfc024b0b0cf0393375b75ea13866d9c66727e54c2fc80/typing_extensions-4.16.0-py3-none-any.whl", hash = "sha256:481caa481374e813c1b176ada14e97f1f67a4539ce9cfeb3f350d78d6370c2e8", size = 45571, upload-time = "2026-07-02T08:40:04.659Z" },
]
